
Microsoft Visual Studio Solution File, Format Version 12.00
# Visual Studio Version 17
VisualStudioVersion = 17.5.33424.131
MinimumVisualStudioVersion = 10.0.40219.1
Project("{FAE04EC0-301F-11D3-BF4B-00C04F79EFBC}") = "FineFabrics.CustomersApp", "FineFabrics.CustomersApp\FineFabrics.CustomersApp.csproj", "{948B3ABE-EBE4-4058-ADBC-71F5B2DA6DAE}"
EndProject
Global
	GlobalSection(SolutionConfigurationPlatforms) = preSolution
		Debug|ARM64 = Debug|ARM64
		Debug|x64 = Debug|x64
		Debug|x86 = Debug|x86
		Release|ARM64 = Release|ARM64
		Release|x64 = Release|x64
		Release|x86 = Release|x86
	EndGlobalSection
	GlobalSection(ProjectConfigurationPlatforms) = postSolution
		{948B3ABE-EBE4-4058-ADBC-71F5B2DA6DAE}.Debug|ARM64.ActiveCfg = Debug|ARM64
		{948B3ABE-EBE4-4058-ADBC-71F5B2DA6DAE}.Debug|ARM64.Build.0 = Debug|ARM64
		{948B3ABE-EBE4-4058-ADBC-71F5B2DA6DAE}.Debug|ARM64.Deploy.0 = Debug|ARM64
		{948B3ABE-EBE4-4058-ADBC-71F5B2DA6DAE}.Debug|x64.ActiveCfg = Debug|x64
		{948B3ABE-EBE4-4058-ADBC-71F5B2DA6DAE}.Debug|x64.Build.0 = Debug|x64
		{948B3ABE-EBE4-4058-ADBC-71F5B2DA6DAE}.Debug|x64.Deploy.0 = Debug|x64
		{948B3ABE-EBE4-4058-ADBC-71F5B2DA6DAE}.Debug|x86.ActiveCfg = Debug|x86
		{948B3ABE-EBE4-4058-ADBC-71F5B2DA6DAE}.Debug|x86.Build.0 = Debug|x86
		{948B3ABE-EBE4-4058-ADBC-71F5B2DA6DAE}.Debug|x86.Deploy.0 = Debug|x86
		{948B3ABE-EBE4-4058-ADBC-71F5B2DA6DAE}.Release|ARM64.ActiveCfg = Release|ARM64
		{948B3ABE-EBE4-4058-ADBC-71F5B2DA6DAE}.Release|ARM64.Build.0 = Release|ARM64
		{948B3ABE-EBE4-4058-ADBC-71F5B2DA6DAE}.Release|ARM64.Deploy.0 = Release|ARM64
		{948B3ABE-EBE4-4058-ADBC-71F5B2DA6DAE}.Release|x64.ActiveCfg = Release|x64
		{948B3ABE-EBE4-4058-ADBC-71F5B2DA6DAE}.Release|x64.Build.0 = Release|x64
		{948B3ABE-EBE4-4058-ADBC-71F5B2DA6DAE}.Release|x64.Deploy.0 = Release|x64
		{948B3ABE-EBE4-4058-ADBC-71F5B2DA6DAE}.Release|x86.ActiveCfg = Release|x86
		{948B3ABE-EBE4-4058-ADBC-71F5B2DA6DAE}.Release|x86.Build.0 = Release|x86
		{948B3ABE-EBE4-4058-ADBC-71F5B2DA6DAE}.Release|x86.Deploy.0 = Release|x86
	EndGlobalSection
	GlobalSection(SolutionProperties) = preSolution
		HideSolutionNode = FALSE
	EndGlobalSection
	GlobalSection(ExtensibilityGlobals) = postSolution
		SolutionGuid = {6F0888F9-33F0-485A-97BE-D4CBA5CD8FBA}
	EndGlobalSection
EndGlobal
